// !$*UTF8*$!
{
	archiveVersion = 1;
	classes = {
	};
	objectVersion = 56;
	objects = {

/* Begin PBXBuildFile section */
		21A3C2942E937E2000916E3B /* Theme.swift in Sources */ = {isa = PBXBuildFile; fileRef = 21A3C2932E937E2000916E3B /* Theme.swift */; };
		AA0001 /* NearDropApp.swift in Sources */ = {isa = PBXBuildFile; fileRef = BB0001 /* NearDropApp.swift */; };
		AA0002 /* ContentView.swift in Sources */ = {isa = PBXBuildFile; fileRef = BB0002 /* ContentView.swift */; };
		AA0003 /* Assets.xcassets in Resources */ = {isa = PBXBuildFile; fileRef = BB0003 /* Assets.xcassets */; };
		AA0004 /* CryptoKitWrapper.swift in Sources */ = {isa = PBXBuildFile; fileRef = BB0004 /* CryptoKitWrapper.swift */; };
		AA0005 /* PeerService.swift in Sources */ = {isa = PBXBuildFile; fileRef = BB0005 /* PeerService.swift */; };
		AA0006 /* MessageStore.swift in Sources */ = {isa = PBXBuildFile; fileRef = BB0006 /* MessageStore.swift */; };
		AA0007 /* Message.swift in Sources */ = {isa = PBXBuildFile; fileRef = BB0007 /* Message.swift */; };
		AA0008 /* DiscoveryView.swift in Sources */ = {isa = PBXBuildFile; fileRef = BB0008 /* DiscoveryView.swift */; };
		AA0009 /* ChatsListView.swift in Sources */ = {isa = PBXBuildFile; fileRef = BB0009 /* ChatsListView.swift */; };
		AA0010 /* ChatView.swift in Sources */ = {isa = PBXBuildFile; fileRef = BB0010 /* ChatView.swift */; };
		AA0011 /* SettingsView.swift in Sources */ = {isa = PBXBuildFile; fileRef = BB0011 /* SettingsView.swift */; };
/* End PBXBuildFile section */

/* Begin PBXFileReference section */
		21A3C2932E937E2000916E3B /* Theme.swift */ = {isa = PBXFileReference; lastKnownFileType = sourcecode.swift; path = Theme.swift; sourceTree = "<group>"; };
		BB0001 /* NearDropApp.swift */ = {isa = PBXFileReference; lastKnownFileType = sourcecode.swift; path = NearDropApp.swift; sourceTree = "<group>"; };
		BB0002 /* ContentView.swift */ = {isa = PBXFileReference; lastKnownFileType = sourcecode.swift; path = ContentView.swift; sourceTree = "<group>"; };
		BB0003 /* Assets.xcassets */ = {isa = PBXFileReference; lastKnownFileType = folder.assetcatalog; path = Assets.xcassets; sourceTree = "<group>"; };
		BB0004 /* CryptoKitWrapper.swift */ = {isa = PBXFileReference; lastKnownFileType = sourcecode.swift; path = CryptoKitWrapper.swift; sourceTree = "<group>"; };
		BB0005 /* PeerService.swift */ = {isa = PBXFileReference; lastKnownFileType = sourcecode.swift; path = PeerService.swift; sourceTree = "<group>"; };
		BB0006 /* MessageStore.swift */ = {isa = PBXFileReference; lastKnownFileType = sourcecode.swift; path = MessageStore.swift; sourceTree = "<group>"; };
		BB0007 /* Message.swift */ = {isa = PBXFileReference; lastKnownFileType = sourcecode.swift; path = Message.swift; sourceTree = "<group>"; };
		BB0008 /* DiscoveryView.swift */ = {isa = PBXFileReference; lastKnownFileType = sourcecode.swift; path = DiscoveryView.swift; sourceTree = "<group>"; };
		BB0009 /* ChatsListView.swift */ = {isa = PBXFileReference; lastKnownFileType = sourcecode.swift; path = ChatsListView.swift; sourceTree = "<group>"; };
		BB0010 /* ChatView.swift */ = {isa = PBXFileReference; lastKnownFileType = sourcecode.swift; path = ChatView.swift; sourceTree = "<group>"; };
		BB0011 /* SettingsView.swift */ = {isa = PBXFileReference; lastKnownFileType = sourcecode.swift; path = SettingsView.swift; sourceTree = "<group>"; };
		BB0012 /* Info.plist */ = {isa = PBXFileReference; lastKnownFileType = text.plist.xml; path = Info.plist; sourceTree = "<group>"; };
		CC0001 /* NearDrop.app */ = {isa = PBXFileReference; explicitFileType = wrapper.application; includeInIndex = 0; path = NearDrop.app; sourceTree = BUILT_PRODUCTS_DIR; };
/* End PBXFileReference section */

/* Begin PBXFrameworksBuildPhase section */
		DD0001 /* Frameworks */ = {
			isa = PBXFrameworksBuildPhase;
			buildActionMask = 2147483647;
			files = (
			);
			runOnlyForDeploymentPostprocessing = 0;
		};
/* End PBXFrameworksBuildPhase section */

/* Begin PBXGroup section */
		EE0001 = {
			isa = PBXGroup;
			children = (
				21A3C2932E937E2000916E3B /* Theme.swift */,
				EE0002 /* NearDrop/NearDrop */,
				EE0003 /* Products */,
			);
			sourceTree = "<group>";
		};
		EE0002 /* NearDrop/NearDrop */ = {
			isa = PBXGroup;
			children = (
				BB0012 /* Info.plist */,
				BB0001 /* NearDropApp.swift */,
				EE0004 /* Core */,
				EE0005 /* Services */,
				EE0006 /* Models */,
				EE0007 /* Views */,
				EE0008 /* Resources */,
			);
			path = NearDrop/NearDrop;
			sourceTree = "<group>";
		};
		EE0003 /* Products */ = {
			isa = PBXGroup;
			children = (
				CC0001 /* NearDrop.app */,
			);
			name = Products;
			sourceTree = "<group>";
		};
		EE0004 /* Core */ = {
			isa = PBXGroup;
			children = (
				BB0004 /* CryptoKitWrapper.swift */,
			);
			path = Core;
			sourceTree = "<group>";
		};
		EE0005 /* Services */ = {
			isa = PBXGroup;
			children = (
				BB0005 /* PeerService.swift */,
				BB0006 /* MessageStore.swift */,
			);
			path = Services;
			sourceTree = "<group>";
		};
		EE0006 /* Models */ = {
			isa = PBXGroup;
			children = (
				BB0007 /* Message.swift */,
			);
			path = Models;
			sourceTree = "<group>";
		};
		EE0007 /* Views */ = {
			isa = PBXGroup;
			children = (
				BB0002 /* ContentView.swift */,
				BB0008 /* DiscoveryView.swift */,
				BB0009 /* ChatsListView.swift */,
				BB0010 /* ChatView.swift */,
				BB0011 /* SettingsView.swift */,
			);
			path = Views;
			sourceTree = "<group>";
		};
		EE0008 /* Resources */ = {
			isa = PBXGroup;
			children = (
				BB0003 /* Assets.xcassets */,
			);
			path = Resources;
			sourceTree = "<group>";
		};
/* End PBXGroup section */

/* Begin PBXNativeTarget section */
		FF0001 /* NearDrop */ = {
			isa = PBXNativeTarget;
			buildConfigurationList = FF0002 /* Build configuration list for PBXNativeTarget "NearDrop" */;
			buildPhases = (
				FF0003 /* Sources */,
				DD0001 /* Frameworks */,
				FF0004 /* Resources */,
			);
			buildRules = (
			);
			dependencies = (
			);
			name = NearDrop;
			productName = NearDrop;
			productReference = CC0001 /* NearDrop.app */;
			productType = "com.apple.product-type.application";
		};
/* End PBXNativeTarget section */

/* Begin PBXProject section */
		GG0001 /* Project object */ = {
			isa = PBXProject;
			attributes = {
				BuildIndependentTargetsInParallel = 1;
				LastSwiftUpdateCheck = 1500;
				LastUpgradeCheck = 1620;
				TargetAttributes = {
					FF0001 = {
						CreatedOnToolsVersion = 16.2;
					};
				};
			};
			buildConfigurationList = GG0002 /* Build configuration list for PBXProject "NearDrop" */;
			compatibilityVersion = "Xcode 14.0";
			developmentRegion = en;
			hasScannedForEncodings = 0;
			knownRegions = (
				en,
				Base,
			);
			mainGroup = EE0001;
			productRefGroup = EE0003 /* Products */;
			projectDirPath = "";
			projectRoot = "";
			targets = (
				FF0001 /* NearDrop */,
			);
		};
/* End PBXProject section */

/* Begin PBXResourcesBuildPhase section */
		FF0004 /* Resources */ = {
			isa = PBXResourcesBuildPhase;
			buildActionMask = 2147483647;
			files = (
				AA0003 /* Assets.xcassets in Resources */,
			);
			runOnlyForDeploymentPostprocessing = 0;
		};
/* End PBXResourcesBuildPhase section */

/* Begin PBXSourcesBuildPhase section */
		FF0003 /* Sources */ = {
			isa = PBXSourcesBuildPhase;
			buildActionMask = 2147483647;
			files = (
				AA0001 /* NearDropApp.swift in Sources */,
				AA0002 /* ContentView.swift in Sources */,
				AA0004 /* CryptoKitWrapper.swift in Sources */,
				AA0005 /* PeerService.swift in Sources */,
				21A3C2942E937E2000916E3B /* Theme.swift in Sources */,
				AA0006 /* MessageStore.swift in Sources */,
				AA0007 /* Message.swift in Sources */,
				AA0008 /* DiscoveryView.swift in Sources */,
				AA0009 /* ChatsListView.swift in Sources */,
				AA0010 /* ChatView.swift in Sources */,
				AA0011 /* SettingsView.swift in Sources */,
			);
			runOnlyForDeploymentPostprocessing = 0;
		};
/* End PBXSourcesBuildPhase section */

/* Begin XCBuildConfiguration section */
		HH0001 /* Debug */ = {
			isa = XCBuildConfiguration;
			buildSettings = {
				ALWAYS_SEARCH_USER_PATHS = NO;
				ASSETCATALOG_COMPILER_GENERATE_SWIFT_ASSET_SYMBOL_EXTENSIONS = YES;
				CLANG_ANALYZER_NONNULL = YES;
				CLANG_ANALYZER_NUMBER_OBJECT_CONVERSION = YES_AGGRESSIVE;
				CLANG_CXX_LANGUAGE_STANDARD = "gnu++20";
				CLANG_ENABLE_MODULES = YES;
				CLANG_ENABLE_OBJC_ARC = YES;
				CLANG_ENABLE_OBJC_WEAK = YES;
				CLANG_WARN_BLOCK_CAPTURE_AUTORELEASING = YES;
				CLANG_WARN_BOOL_CONVERSION = YES;
				CLANG_WARN_COMMA = YES;
				CLANG_WARN_CONSTANT_CONVERSION = YES;
				CLANG_WARN_DEPRECATED_OBJC_IMPLEMENTATIONS = YES;
				CLANG_WARN_DIRECT_OBJC_ISA_USAGE = YES_ERROR;
				CLANG_WARN_DOCUMENTATION_COMMENTS = YES;
				CLANG_WARN_EMPTY_BODY = YES;
				CLANG_WARN_ENUM_CONVERSION = YES;
				CLANG_WARN_INFINITE_RECURSION = YES;
				CLANG_WARN_INT_CONVERSION = YES;
				CLANG_WARN_NON_LITERAL_NULL_CONVERSION = YES;
				CLANG_WARN_OBJC_IMPLICIT_RETAIN_SELF = YES;
				CLANG_WARN_OBJC_LITERAL_CONVERSION = YES;
				CLANG_WARN_OBJC_ROOT_CLASS = YES_ERROR;
				CLANG_WARN_QUOTED_INCLUDE_IN_FRAMEWORK_HEADER = YES;
				CLANG_WARN_RANGE_LOOP_ANALYSIS = YES;
				CLANG_WARN_STRICT_PROTOTYPES = YES;
				CLANG_WARN_SUSPICIOUS_MOVE = YES;
				CLANG_WARN_UNGUARDED_AVAILABILITY = YES_AGGRESSIVE;
				CLANG_WARN_UNREACHABLE_CODE = YES;
				CLANG_WARN__DUPLICATE_METHOD_MATCH = YES;
				COPY_PHASE_STRIP = NO;
				DEBUG_INFORMATION_FORMAT = dwarf;
				ENABLE_STRICT_OBJC_MSGSEND = YES;
				ENABLE_TESTABILITY = YES;
				ENABLE_USER_SCRIPT_SANDBOXING = YES;
				GCC_C_LANGUAGE_STANDARD = gnu17;
				GCC_DYNAMIC_NO_PIC = NO;
				GCC_NO_COMMON_BLOCKS = YES;
				GCC_OPTIMIZATION_LEVEL = 0;
				GCC_PREPROCESSOR_DEFINITIONS = (
					"DEBUG=1",
					"$(inherited)",
				);
				GCC_WARN_64_TO_32_BIT_CONVERSION = YES;
				GCC_WARN_ABOUT_RETURN_TYPE = YES_ERROR;
				GCC_WARN_UNDECLARED_SELECTOR = YES;
				GCC_WARN_UNINITIALIZED_AUTOS = YES_AGGRESSIVE;
				GCC_WARN_UNUSED_FUNCTION = YES;
				GCC_WARN_UNUSED_VARIABLE = YES;
				IPHONEOS_DEPLOYMENT_TARGET = 17.0;
				LOCALIZATION_PREFERS_STRING_CATALOGS = YES;
				MTL_ENABLE_DEBUG_INFO = INCLUDE_SOURCE;
				MTL_FAST_MATH = YES;
				ONLY_ACTIVE_ARCH = YES;
				SDKROOT = iphoneos;
				SWIFT_ACTIVE_COMPILATION_CONDITIONS = "DEBUG $(inherited)";
				SWIFT_OPTIMIZATION_LEVEL = "-Onone";
			};
			name = Debug;
		};
		HH0002 /* Release */ = {
			isa = XCBuildConfiguration;
			buildSettings = {
				ALWAYS_SEARCH_USER_PATHS = NO;
				ASSETCATALOG_COMPILER_GENERATE_SWIFT_ASSET_SYMBOL_EXTENSIONS = YES;
				CLANG_ANALYZER_NONNULL = YES;
				CLANG_ANALYZER_NUMBER_OBJECT_CONVERSION = YES_AGGRESSIVE;
				CLANG_CXX_LANGUAGE_STANDARD = "gnu++20";
				CLANG_ENABLE_MODULES = YES;
				CLANG_ENABLE_OBJC_ARC = YES;
				CLANG_ENABLE_OBJC_WEAK = YES;
				CLANG_WARN_BLOCK_CAPTURE_AUTORELEASING = YES;
				CLANG_WARN_BOOL_CONVERSION = YES;
				CLANG_WARN_COMMA = YES;
				CLANG_WARN_CONSTANT_CONVERSION = YES;
				CLANG_WARN_DEPRECATED_OBJC_IMPLEMENTATIONS = YES;
				CLANG_WARN_DIRECT_OBJC_ISA_USAGE = YES_ERROR;
				CLANG_WARN_DOCUMENTATION_COMMENTS = YES;
				CLANG_WARN_EMPTY_BODY = YES;
				CLANG_WARN_ENUM_CONVERSION = YES;
				CLANG_WARN_INFINITE_RECURSION = YES;
				CLANG_WARN_INT_CONVERSION = YES;
				CLANG_WARN_NON_LITERAL_NULL_CONVERSION = YES;
				CLANG_WARN_OBJC_IMPLICIT_RETAIN_SELF = YES;
				CLANG_WARN_OBJC_LITERAL_CONVERSION = YES;
				CLANG_WARN_OBJC_ROOT_CLASS = YES_ERROR;
				CLANG_WARN_QUOTED_INCLUDE_IN_FRAMEWORK_HEADER = YES;
				CLANG_WARN_RANGE_LOOP_ANALYSIS = YES;
				CLANG_WARN_STRICT_PROTOTYPES = YES;
				CLANG_WARN_SUSPICIOUS_MOVE = YES;
				CLANG_WARN_UNGUARDED_AVAILABILITY = YES_AGGRESSIVE;
				CLANG_WARN_UNREACHABLE_CODE = YES;
				CLANG_WARN__DUPLICATE_METHOD_MATCH = YES;
				COPY_PHASE_STRIP = NO;
				DEBUG_INFORMATION_FORMAT = "dwarf-with-dsym";
				ENABLE_NS_ASSERTIONS = NO;
				ENABLE_STRICT_OBJC_MSGSEND = YES;
				ENABLE_USER_SCRIPT_SANDBOXING = YES;
				GCC_C_LANGUAGE_STANDARD = gnu17;
				GCC_NO_COMMON_BLOCKS = YES;
				GCC_WARN_64_TO_32_BIT_CONVERSION = YES;
				GCC_WARN_ABOUT_RETURN_TYPE = YES_ERROR;
				GCC_WARN_UNDECLARED_SELECTOR = YES;
				GCC_WARN_UNINITIALIZED_AUTOS = YES_AGGRESSIVE;
				GCC_WARN_UNUSED_FUNCTION = YES;
				GCC_WARN_UNUSED_VARIABLE = YES;
				IPHONEOS_DEPLOYMENT_TARGET = 17.0;
				LOCALIZATION_PREFERS_STRING_CATALOGS = YES;
				MTL_ENABLE_DEBUG_INFO = NO;
				MTL_FAST_MATH = YES;
				SDKROOT = iphoneos;
				SWIFT_COMPILATION_MODE = wholemodule;
				VALIDATE_PRODUCT = YES;
			};
			name = Release;
		};
		HH0003 /* Debug */ = {
			isa = XCBuildConfiguration;
			buildSettings = {
				ASSETCATALOG_COMPILER_APPICON_NAME = AppIcon;
				ASSETCATALOG_COMPILER_GLOBAL_ACCENT_COLOR_NAME = AccentColor;
				CODE_SIGN_STYLE = Automatic;
				CURRENT_PROJECT_VERSION = 1;
				DEVELOPMENT_TEAM = 75A5D8XP3F;
				ENABLE_PREVIEWS = YES;
				GENERATE_INFOPLIST_FILE = NO;
				INFOPLIST_FILE = NearDrop/NearDrop/Info.plist;
				INFOPLIST_KEY_UIApplicationSceneManifest_Generation = YES;
				INFOPLIST_KEY_UIApplicationSupportsIndirectInputEvents = YES;
				INFOPLIST_KEY_UILaunchScreen_Generation = YES;
				INFOPLIST_KEY_UISupportedInterfaceOrientations = "UIInterfaceOrientationPortrait UIInterfaceOrientationLandscapeLeft UIInterfaceOrientationLandscapeRight";
				INFOPLIST_KEY_UISupportedInterfaceOrientations_iPad = "UIInterfaceOrientationLandscapeLeft UIInterfaceOrientationLandscapeRight UIInterfaceOrientationPortrait UIInterfaceOrientationPortraitUpsideDown";
				LD_RUNPATH_SEARCH_PATHS = (
					"$(inherited)",
					"@executable_path/Frameworks",
				);
				MARKETING_VERSION = 1.0;
				PRODUCT_BUNDLE_IDENTIFIER = com.neardrop.app;
				PRODUCT_NAME = "$(TARGET_NAME)";
				SUPPORTED_PLATFORMS = "iphoneos iphonesimulator";
				SUPPORTS_MACCATALYST = NO;
				SUPPORTS_MAC_DESIGNED_FOR_IPHONE_IPAD = NO;
				SWIFT_EMIT_LOC_STRINGS = YES;
				SWIFT_VERSION = 5.0;
				TARGETED_DEVICE_FAMILY = "1,2";
			};
			name = Debug;
		};
		HH0004 /* Release */ = {
			isa = XCBuildConfiguration;
			buildSettings = {
				ASSETCATALOG_COMPILER_APPICON_NAME = AppIcon;
				ASSETCATALOG_COMPILER_GLOBAL_ACCENT_COLOR_NAME = AccentColor;
				CODE_SIGN_STYLE = Automatic;
				CURRENT_PROJECT_VERSION = 1;
				DEVELOPMENT_TEAM = 75A5D8XP3F;
				ENABLE_PREVIEWS = YES;
				GENERATE_INFOPLIST_FILE = NO;
				INFOPLIST_FILE = NearDrop/NearDrop/Info.plist;
				INFOPLIST_KEY_UIApplicationSceneManifest_Generation = YES;
				INFOPLIST_KEY_UIApplicationSupportsIndirectInputEvents = YES;
				INFOPLIST_KEY_UILaunchScreen_Generation = YES;
				INFOPLIST_KEY_UISupportedInterfaceOrientations = "UIInterfaceOrientationPortrait UIInterfaceOrientationLandscapeLeft UIInterfaceOrientationLandscapeRight";
				INFOPLIST_KEY_UISupportedInterfaceOrientations_iPad = "UIInterfaceOrientationLandscapeLeft UIInterfaceOrientationLandscapeRight UIInterfaceOrientationPortrait UIInterfaceOrientationPortraitUpsideDown";
				LD_RUNPATH_SEARCH_PATHS = (
					"$(inherited)",
					"@executable_path/Frameworks",
				);
				MARKETING_VERSION = 1.0;
				PRODUCT_BUNDLE_IDENTIFIER = com.neardrop.app;
				PRODUCT_NAME = "$(TARGET_NAME)";
				SUPPORTED_PLATFORMS = "iphoneos iphonesimulator";
				SUPPORTS_MACCATALYST = NO;
				SUPPORTS_MAC_DESIGNED_FOR_IPHONE_IPAD = NO;
				SWIFT_EMIT_LOC_STRINGS = YES;
				SWIFT_VERSION = 5.0;
				TARGETED_DEVICE_FAMILY = "1,2";
			};
			name = Release;
		};
/* End XCBuildConfiguration section */

/* Begin XCConfigurationList section */
		FF0002 /* Build configuration list for PBXNativeTarget "NearDrop" */ = {
			isa = XCConfigurationList;
			buildConfigurations = (
				HH0003 /* Debug */,
				HH0004 /* Release */,
			);
			defaultConfigurationIsVisible = 0;
			defaultConfigurationName = Release;
		};
		GG0002 /* Build configuration list for PBXProject "NearDrop" */ = {
			isa = XCConfigurationList;
			buildConfigurations = (
				HH0001 /* Debug */,
				HH0002 /* Release */,
			);
			defaultConfigurationIsVisible = 0;
			defaultConfigurationName = Release;
		};
/* End XCConfigurationList section */
	};
	rootObject = GG0001 /* Project object */;
}
